// !$*UTF8*$!
{
	archiveVersion = 1;
	classes = {
	};
	objectVersion = 48;
	objects = {

/* Begin PBXBuildFile section */
		751B76261FA0EB1F00CED083 /* AppDelegate.swift in Sources */ = {isa = PBXBuildFile; fileRef = 751B76251FA0EB1F00CED083 /* AppDelegate.swift */; };
		751B76281FA0EB1F00CED083 /* ViewController.swift in Sources */ = {isa = PBXBuildFile; fileRef = 751B76271FA0EB1F00CED083 /* ViewController.swift */; };
		751B762B1FA0EB1F00CED083 /* Main.storyboard in Resources */ = {isa = PBXBuildFile; fileRef = 751B76291FA0EB1F00CED083 /* Main.storyboard */; };
		751B762E1FA0EB1F00CED083 /* Nba_Fantasy.xcdatamodeld in Sources */ = {isa = PBXBuildFile; fileRef = 751B762C1FA0EB1F00CED083 /* Nba_Fantasy.xcdatamodeld */; };
		751B76301FA0EB1F00CED083 /* Assets.xcassets in Resources */ = {isa = PBXBuildFile; fileRef = 751B762F1FA0EB1F00CED083 /* Assets.xcassets */; };
		751B76331FA0EB1F00CED083 /* LaunchScreen.storyboard in Resources */ = {isa = PBXBuildFile; fileRef = 751B76311FA0EB1F00CED083 /* LaunchScreen.storyboard */; };
		751B763D1FA0EF4300CED083 /* CadastroViewController.swift in Sources */ = {isa = PBXBuildFile; fileRef = 751B763C1FA0EF4300CED083 /* CadastroViewController.swift */; };
		7585C7401FA27E35002DE3F3 /* JogadoresViewController.swift in Sources */ = {isa = PBXBuildFile; fileRef = 7585C73F1FA27E35002DE3F3 /* JogadoresViewController.swift */; };
		7585C7431FA293DA002DE3F3 /* Users+CoreDataClass.swift in Sources */ = {isa = PBXBuildFile; fileRef = 7585C7411FA293DA002DE3F3 /* Users+CoreDataClass.swift */; };
		7585C7441FA293DA002DE3F3 /* Users+CoreDataProperties.swift in Sources */ = {isa = PBXBuildFile; fileRef = 7585C7421FA293DA002DE3F3 /* Users+CoreDataProperties.swift */; };
		7585C7461FA29450002DE3F3 /* CoreDataHelper.swift in Sources */ = {isa = PBXBuildFile; fileRef = 7585C7451FA29450002DE3F3 /* CoreDataHelper.swift */; };
		75A621131FA29B5E00FFAE33 /* Home.swift in Sources */ = {isa = PBXBuildFile; fileRef = 75A621121FA29B5E00FFAE33 /* Home.swift */; };
		75A621161FA7756C00FFAE33 /* PlayersTableViewCell.swift in Sources */ = {isa = PBXBuildFile; fileRef = 75A621141FA7739500FFAE33 /* PlayersTableViewCell.swift */; };
		75D26CDA1FA266E600D23AF5 /* Team.swift in Sources */ = {isa = PBXBuildFile; fileRef = 75D26CD91FA266E600D23AF5 /* Team.swift */; };
		75D26CDE1FA2715400D23AF5 /* TeamCell.swift in Sources */ = {isa = PBXBuildFile; fileRef = 75D26CDD1FA2715400D23AF5 /* TeamCell.swift */; };
		75E706A81FA0F4C60016BBE4 /* MeuTimeViewController.swift in Sources */ = {isa = PBXBuildFile; fileRef = 75E706A71FA0F4C60016BBE4 /* MeuTimeViewController.swift */; };
		75E706AA1FA0F4D90016BBE4 /* AddJogadoresViewController.swift in Sources */ = {isa = PBXBuildFile; fileRef = 75E706A91FA0F4D90016BBE4 /* AddJogadoresViewController.swift */; };
/* End PBXBuildFile section */

/* Begin PBXFileReference section */
		751B76221FA0EB1F00CED083 /* Nba Fantasy.app */ = {isa = PBXFileReference; explicitFileType = wrapper.application; includeInIndex = 0; path = "Nba Fantasy.app"; sourceTree = BUILT_PRODUCTS_DIR; };
		751B76251FA0EB1F00CED083 /* AppDelegate.swift */ = {isa = PBXFileReference; lastKnownFileType = sourcecode.swift; path = AppDelegate.swift; sourceTree = "<group>"; };
		751B76271FA0EB1F00CED083 /* ViewController.swift */ = {isa = PBXFileReference; lastKnownFileType = sourcecode.swift; path = ViewController.swift; sourceTree = "<group>"; };
		751B762A1FA0EB1F00CED083 /* Base */ = {isa = PBXFileReference; lastKnownFileType = file.storyboard; name = Base; path = Base.lproj/Main.storyboard; sourceTree = "<group>"; };
		751B762D1FA0EB1F00CED083 /* Nba_Fantasy.xcdatamodel */ = {isa = PBXFileReference; lastKnownFileType = wrapper.xcdatamodel; path = Nba_Fantasy.xcdatamodel; sourceTree = "<group>"; };
		751B762F1FA0EB1F00CED083 /* Assets.xcassets */ = {isa = PBXFileReference; lastKnownFileType = folder.assetcatalog; path = Assets.xcassets; sourceTree = "<group>"; };
		751B76321FA0EB1F00CED083 /* Base */ = {isa = PBXFileReference; lastKnownFileType = file.storyboard; name = Base; path = Base.lproj/LaunchScreen.storyboard; sourceTree = "<group>"; };
		751B76341FA0EB1F00CED083 /* Info.plist */ = {isa = PBXFileReference; lastKnownFileType = text.plist.xml; path = Info.plist; sourceTree = "<group>"; };
		751B763C1FA0EF4300CED083 /* CadastroViewController.swift */ = {isa = PBXFileReference; lastKnownFileType = sourcecode.swift; path = CadastroViewController.swift; sourceTree = "<group>"; };
		7585C73F1FA27E35002DE3F3 /* JogadoresViewController.swift */ = {isa = PBXFileReference; lastKnownFileType = sourcecode.swift; path = JogadoresViewController.swift; sourceTree = "<group>"; };
		7585C7411FA293DA002DE3F3 /* Users+CoreDataClass.swift */ = {isa = PBXFileReference; lastKnownFileType = sourcecode.swift; path = "Users+CoreDataClass.swift"; sourceTree = "<group>"; };
		7585C7421FA293DA002DE3F3 /* Users+CoreDataProperties.swift */ = {isa = PBXFileReference; lastKnownFileType = sourcecode.swift; path = "Users+CoreDataProperties.swift"; sourceTree = "<group>"; };
		7585C7451FA29450002DE3F3 /* CoreDataHelper.swift */ = {isa = PBXFileReference; lastKnownFileType = sourcecode.swift; path = CoreDataHelper.swift; sourceTree = "<group>"; };
		75A621121FA29B5E00FFAE33 /* Home.swift */ = {isa = PBXFileReference; lastKnownFileType = sourcecode.swift; path = Home.swift; sourceTree = "<group>"; };
		75A621141FA7739500FFAE33 /* PlayersTableViewCell.swift */ = {isa = PBXFileReference; lastKnownFileType = sourcecode.swift; path = PlayersTableViewCell.swift; sourceTree = "<group>"; };
		75B5E2D11FA25B5800670231 /* nbafant.png */ = {isa = PBXFileReference; lastKnownFileType = image.png; path = nbafant.png; sourceTree = "<group>"; };
		75D26CD91FA266E600D23AF5 /* Team.swift */ = {isa = PBXFileReference; lastKnownFileType = sourcecode.swift; path = Team.swift; sourceTree = "<group>"; };
		75D26CDC1FA26FFF00D23AF5 /* los_angeles_clippers.png */ = {isa = PBXFileReference; lastKnownFileType = image.png; path = los_angeles_clippers.png; sourceTree = "<group>"; };
		75D26CDD1FA2715400D23AF5 /* TeamCell.swift */ = {isa = PBXFileReference; lastKnownFileType = sourcecode.swift; path = TeamCell.swift; sourceTree = "<group>"; };
		75D26CE01FA279A900D23AF5 /* 76ers.png */ = {isa = PBXFileReference; lastKnownFileType = image.png; path = 76ers.png; sourceTree = "<group>"; };
		75D26CE11FA279A900D23AF5 /* Atlanta.png */ = {isa = PBXFileReference; lastKnownFileType = image.png; path = Atlanta.png; sourceTree = "<group>"; };
		75D26CE21FA279A900D23AF5 /* Boston.png */ = {isa = PBXFileReference; lastKnownFileType = image.png; path = Boston.png; sourceTree = "<group>"; };
		75D26CE31FA279A900D23AF5 /* Brooklyn.png */ = {isa = PBXFileReference; lastKnownFileType = image.png; path = Brooklyn.png; sourceTree = "<group>"; };
		75D26CE41FA279A900D23AF5 /* Bucks.png */ = {isa = PBXFileReference; lastKnownFileType = image.png; path = Bucks.png; sourceTree = "<group>"; };
		75D26CE51FA279A900D23AF5 /* Bulls.png */ = {isa = PBXFileReference; lastKnownFileType = image.png; path = Bulls.png; sourceTree = "<group>"; };
		75D26CE61FA279A900D23AF5 /* Cavs.png */ = {isa = PBXFileReference; lastKnownFileType = image.png; path = Cavs.png; sourceTree = "<group>"; };
		75D26CE71FA279A900D23AF5 /* Dallas.png */ = {isa = PBXFileReference; lastKnownFileType = image.png; path = Dallas.png; sourceTree = "<group>"; };
		75D26CE81FA279A900D23AF5 /* Denver.png */ = {isa = PBXFileReference; lastKnownFileType = image.png; path = Denver.png; sourceTree = "<group>"; };
		75D26CE91FA279A900D23AF5 /* GSW.png */ = {isa = PBXFileReference; lastKnownFileType = image.png; path = GSW.png; sourceTree = "<group>"; };
		75D26CEA1FA279A900D23AF5 /* Houston.png */ = {isa = PBXFileReference; lastKnownFileType = image.png; path = Houston.png; sourceTree = "<group>"; };
		75D26CEB1FA279A900D23AF5 /* Lakers.png */ = {isa = PBXFileReference; lastKnownFileType = image.png; path = Lakers.png; sourceTree = "<group>"; };
		75D26CEC1FA279A900D23AF5 /* Memphis.png */ = {isa = PBXFileReference; lastKnownFileType = image.png; path = Memphis.png; sourceTree = "<group>"; };
		75D26CED1FA279A900D23AF5 /* Miami.png */ = {isa = PBXFileReference; lastKnownFileType = image.png; path = Miami.png; sourceTree = "<group>"; };
		75D26CEE1FA279A900D23AF5 /* NewYork.png */ = {isa = PBXFileReference; lastKnownFileType = image.png; path = NewYork.png; sourceTree = "<group>"; };
		75D26CEF1FA279A900D23AF5 /* Orlando.png */ = {isa = PBXFileReference; lastKnownFileType = image.png; path = Orlando.png; sourceTree = "<group>"; };
		75D26CF01FA279A900D23AF5 /* Pacers.png */ = {isa = PBXFileReference; lastKnownFileType = image.png; path = Pacers.png; sourceTree = "<group>"; };
		75D26CF11FA279A900D23AF5 /* Phoenix.png */ = {isa = PBXFileReference; lastKnownFileType = image.png; path = Phoenix.png; sourceTree = "<group>"; };
		75D26CF21FA279A900D23AF5 /* Pistons.png */ = {isa = PBXFileReference; lastKnownFileType = image.png; path = Pistons.png; sourceTree = "<group>"; };
		75D26CF31FA279A900D23AF5 /* Portland.png */ = {isa = PBXFileReference; lastKnownFileType = image.png; path = Portland.png; sourceTree = "<group>"; };
		75D26CF41FA279A900D23AF5 /* Sacramento.png */ = {isa = PBXFileReference; lastKnownFileType = image.png; path = Sacramento.png; sourceTree = "<group>"; };
		75D26CF51FA279A900D23AF5 /* Spurs.png */ = {isa = PBXFileReference; lastKnownFileType = image.png; path = Spurs.png; sourceTree = "<group>"; };
		75D26CF61FA279A900D23AF5 /* Toronto.png */ = {isa = PBXFileReference; lastKnownFileType = image.png; path = Toronto.png; sourceTree = "<group>"; };
		75D26CF71FA279A900D23AF5 /* Utah.png */ = {isa = PBXFileReference; lastKnownFileType = image.png; path = Utah.png; sourceTree = "<group>"; };
		75D26CF81FA279A900D23AF5 /* Washington.png */ = {isa = PBXFileReference; lastKnownFileType = image.png; path = Washington.png; sourceTree = "<group>"; };
		75D26CF91FA279A900D23AF5 /* Wolves.png */ = {isa = PBXFileReference; lastKnownFileType = image.png; path = Wolves.png; sourceTree = "<group>"; };
		75E706A71FA0F4C60016BBE4 /* MeuTimeViewController.swift */ = {isa = PBXFileReference; lastKnownFileType = sourcecode.swift; path = MeuTimeViewController.swift; sourceTree = "<group>"; };
		75E706A91FA0F4D90016BBE4 /* AddJogadoresViewController.swift */ = {isa = PBXFileReference; lastKnownFileType = sourcecode.swift; path = AddJogadoresViewController.swift; sourceTree = "<group>"; };
/* End PBXFileReference section */

/* Begin PBXFrameworksBuildPhase section */
		751B761F1FA0EB1F00CED083 /* Frameworks */ = {
			isa = PBXFrameworksBuildPhase;
			buildActionMask = 2147483647;
			files = (
			);
			runOnlyForDeploymentPostprocessing = 0;
		};
/* End PBXFrameworksBuildPhase section */

/* Begin PBXGroup section */
		751B76191FA0EB1F00CED083 = {
			isa = PBXGroup;
			children = (
				7585C7411FA293DA002DE3F3 /* Users+CoreDataClass.swift */,
				7585C7421FA293DA002DE3F3 /* Users+CoreDataProperties.swift */,
				751B76241FA0EB1F00CED083 /* Nba Fantasy */,
				751B76231FA0EB1F00CED083 /* Products */,
			);
			sourceTree = "<group>";
		};
		751B76231FA0EB1F00CED083 /* Products */ = {
			isa = PBXGroup;
			children = (
				751B76221FA0EB1F00CED083 /* Nba Fantasy.app */,
			);
			name = Products;
			sourceTree = "<group>";
		};
		751B76241FA0EB1F00CED083 /* Nba Fantasy */ = {
			isa = PBXGroup;
			children = (
				751B76251FA0EB1F00CED083 /* AppDelegate.swift */,
				751B76271FA0EB1F00CED083 /* ViewController.swift */,
				751B76291FA0EB1F00CED083 /* Main.storyboard */,
				751B762F1FA0EB1F00CED083 /* Assets.xcassets */,
				75D26CDC1FA26FFF00D23AF5 /* los_angeles_clippers.png */,
				75B5E2D11FA25B5800670231 /* nbafant.png */,
				751B76311FA0EB1F00CED083 /* LaunchScreen.storyboard */,
				751B76341FA0EB1F00CED083 /* Info.plist */,
				75D26CDF1FA279A900D23AF5 /* Pasta Sem Título */,
				751B762C1FA0EB1F00CED083 /* Nba_Fantasy.xcdatamodeld */,
				751B763C1FA0EF4300CED083 /* CadastroViewController.swift */,
				75E706A71FA0F4C60016BBE4 /* MeuTimeViewController.swift */,
				75E706A91FA0F4D90016BBE4 /* AddJogadoresViewController.swift */,
				75D26CD91FA266E600D23AF5 /* Team.swift */,
				75D26CDD1FA2715400D23AF5 /* TeamCell.swift */,
				7585C73F1FA27E35002DE3F3 /* JogadoresViewController.swift */,
				7585C7451FA29450002DE3F3 /* CoreDataHelper.swift */,
				75A621121FA29B5E00FFAE33 /* Home.swift */,
				75A621141FA7739500FFAE33 /* PlayersTableViewCell.swift */,
			);
			path = "Nba Fantasy";
			sourceTree = "<group>";
		};
		75D26CDF1FA279A900D23AF5 /* Pasta Sem Título */ = {
			isa = PBXGroup;
			children = (
				75D26CE01FA279A900D23AF5 /* 76ers.png */,
				75D26CE11FA279A900D23AF5 /* Atlanta.png */,
				75D26CE21FA279A900D23AF5 /* Boston.png */,
				75D26CE31FA279A900D23AF5 /* Brooklyn.png */,
				75D26CE41FA279A900D23AF5 /* Bucks.png */,
				75D26CE51FA279A900D23AF5 /* Bulls.png */,
				75D26CE61FA279A900D23AF5 /* Cavs.png */,
				75D26CE71FA279A900D23AF5 /* Dallas.png */,
				75D26CE81FA279A900D23AF5 /* Denver.png */,
				75D26CE91FA279A900D23AF5 /* GSW.png */,
				75D26CEA1FA279A900D23AF5 /* Houston.png */,
				75D26CEB1FA279A900D23AF5 /* Lakers.png */,
				75D26CEC1FA279A900D23AF5 /* Memphis.png */,
				75D26CED1FA279A900D23AF5 /* Miami.png */,
				75D26CEE1FA279A900D23AF5 /* NewYork.png */,
				75D26CEF1FA279A900D23AF5 /* Orlando.png */,
				75D26CF01FA279A900D23AF5 /* Pacers.png */,
				75D26CF11FA279A900D23AF5 /* Phoenix.png */,
				75D26CF21FA279A900D23AF5 /* Pistons.png */,
				75D26CF31FA279A900D23AF5 /* Portland.png */,
				75D26CF41FA279A900D23AF5 /* Sacramento.png */,
				75D26CF51FA279A900D23AF5 /* Spurs.png */,
				75D26CF61FA279A900D23AF5 /* Toronto.png */,
				75D26CF71FA279A900D23AF5 /* Utah.png */,
				75D26CF81FA279A900D23AF5 /* Washington.png */,
				75D26CF91FA279A900D23AF5 /* Wolves.png */,
			);
			path = "Pasta Sem Título";
			sourceTree = "<group>";
		};
/* End PBXGroup section */

/* Begin PBXNativeTarget section */
		751B76211FA0EB1F00CED083 /* Nba Fantasy */ = {
			isa = PBXNativeTarget;
			buildConfigurationList = 751B76371FA0EB1F00CED083 /* Build configuration list for PBXNativeTarget "Nba Fantasy" */;
			buildPhases = (
				751B761E1FA0EB1F00CED083 /* Sources */,
				751B761F1FA0EB1F00CED083 /* Frameworks */,
				751B76201FA0EB1F00CED083 /* Resources */,
			);
			buildRules = (
			);
			dependencies = (
			);
			name = "Nba Fantasy";
			productName = "Nba Fantasy";
			productReference = 751B76221FA0EB1F00CED083 /* Nba Fantasy.app */;
			productType = "com.apple.product-type.application";
		};
/* End PBXNativeTarget section */

/* Begin PBXProject section */
		751B761A1FA0EB1F00CED083 /* Project object */ = {
			isa = PBXProject;
			attributes = {
				LastSwiftUpdateCheck = 0900;
				LastUpgradeCheck = 0900;
				ORGANIZATIONNAME = "Vinicius Mangueira Correia";
				TargetAttributes = {
					751B76211FA0EB1F00CED083 = {
						CreatedOnToolsVersion = 9.0;
						ProvisioningStyle = Automatic;
					};
				};
			};
			buildConfigurationList = 751B761D1FA0EB1F00CED083 /* Build configuration list for PBXProject "Nba Fantasy" */;
			compatibilityVersion = "Xcode 8.0";
			developmentRegion = en;
			hasScannedForEncodings = 0;
			knownRegions = (
				en,
				Base,
			);
			mainGroup = 751B76191FA0EB1F00CED083;
			productRefGroup = 751B76231FA0EB1F00CED083 /* Products */;
			projectDirPath = "";
			projectRoot = "";
			targets = (
				751B76211FA0EB1F00CED083 /* Nba Fantasy */,
			);
		};
/* End PBXProject section */

/* Begin PBXResourcesBuildPhase section */
		751B76201FA0EB1F00CED083 /* Resources */ = {
			isa = PBXResourcesBuildPhase;
			buildActionMask = 2147483647;
			files = (
				751B76331FA0EB1F00CED083 /* LaunchScreen.storyboard in Resources */,
				751B76301FA0EB1F00CED083 /* Assets.xcassets in Resources */,
				751B762B1FA0EB1F00CED083 /* Main.storyboard in Resources */,
			);
			runOnlyForDeploymentPostprocessing = 0;
		};
/* End PBXResourcesBuildPhase section */

/* Begin PBXSourcesBuildPhase section */
		751B761E1FA0EB1F00CED083 /* Sources */ = {
			isa = PBXSourcesBuildPhase;
			buildActionMask = 2147483647;
			files = (
				75A621161FA7756C00FFAE33 /* PlayersTableViewCell.swift in Sources */,
				75D26CDE1FA2715400D23AF5 /* TeamCell.swift in Sources */,
				751B762E1FA0EB1F00CED083 /* Nba_Fantasy.xcdatamodeld in Sources */,
				751B76281FA0EB1F00CED083 /* ViewController.swift in Sources */,
				75D26CDA1FA266E600D23AF5 /* Team.swift in Sources */,
				7585C7401FA27E35002DE3F3 /* JogadoresViewController.swift in Sources */,
				7585C7441FA293DA002DE3F3 /* Users+CoreDataProperties.swift in Sources */,
				75A621131FA29B5E00FFAE33 /* Home.swift in Sources */,
				7585C7461FA29450002DE3F3 /* CoreDataHelper.swift in Sources */,
				75E706AA1FA0F4D90016BBE4 /* AddJogadoresViewController.swift in Sources */,
				751B76261FA0EB1F00CED083 /* AppDelegate.swift in Sources */,
				75E706A81FA0F4C60016BBE4 /* MeuTimeViewController.swift in Sources */,
				7585C7431FA293DA002DE3F3 /* Users+CoreDataClass.swift in Sources */,
				751B763D1FA0EF4300CED083 /* CadastroViewController.swift in Sources */,
			);
			runOnlyForDeploymentPostprocessing = 0;
		};
/* End PBXSourcesBuildPhase section */

/* Begin PBXVariantGroup section */
		751B76291FA0EB1F00CED083 /* Main.storyboard */ = {
			isa = PBXVariantGroup;
			children = (
				751B762A1FA0EB1F00CED083 /* Base */,
			);
			name = Main.storyboard;
			sourceTree = "<group>";
		};
		751B76311FA0EB1F00CED083 /* LaunchScreen.storyboard */ = {
			isa = PBXVariantGroup;
			children = (
				751B76321FA0EB1F00CED083 /* Base */,
			);
			name = LaunchScreen.storyboard;
			sourceTree = "<group>";
		};
/* End PBXVariantGroup section */

/* Begin XCBuildConfiguration section */
		751B76351FA0EB1F00CED083 /* Debug */ = {
			isa = XCBuildConfiguration;
			buildSettings = {
				ALWAYS_SEARCH_USER_PATHS = NO;
				CLANG_ANALYZER_NONNULL = YES;
				CLANG_ANALYZER_NUMBER_OBJECT_CONVERSION = YES_AGGRESSIVE;
				CLANG_CXX_LANGUAGE_STANDARD = "gnu++14";
				CLANG_CXX_LIBRARY = "libc++";
				CLANG_ENABLE_MODULES = YES;
				CLANG_ENABLE_OBJC_ARC = YES;
				CLANG_WARN_BLOCK_CAPTURE_AUTORELEASING = YES;
				CLANG_WARN_BOOL_CONVERSION = YES;
				CLANG_WARN_COMMA = YES;
				CLANG_WARN_CONSTANT_CONVERSION = YES;
				CLANG_WARN_DIRECT_OBJC_ISA_USAGE = YES_ERROR;
				CLANG_WARN_DOCUMENTATION_COMMENTS = YES;
				CLANG_WARN_EMPTY_BODY = YES;
				CLANG_WARN_ENUM_CONVERSION = YES;
				CLANG_WARN_INFINITE_RECURSION = YES;
				CLANG_WARN_INT_CONVERSION = YES;
				CLANG_WARN_NON_LITERAL_NULL_CONVERSION = YES;
				CLANG_WARN_OBJC_LITERAL_CONVERSION = YES;
				CLANG_WARN_OBJC_ROOT_CLASS = YES_ERROR;
				CLANG_WARN_RANGE_LOOP_ANALYSIS = YES;
				CLANG_WARN_STRICT_PROTOTYPES = YES;
				CLANG_WARN_SUSPICIOUS_MOVE = YES;
				CLANG_WARN_UNGUARDED_AVAILABILITY = YES_AGGRESSIVE;
				CLANG_WARN_UNREACHABLE_CODE = YES;
				CLANG_WARN__DUPLICATE_METHOD_MATCH = YES;
				CODE_SIGN_IDENTITY = "iPhone Developer";
				COPY_PHASE_STRIP = NO;
				DEBUG_INFORMATION_FORMAT = dwarf;
				ENABLE_STRICT_OBJC_MSGSEND = YES;
				ENABLE_TESTABILITY = YES;
				GCC_C_LANGUAGE_STANDARD = gnu11;
				GCC_DYNAMIC_NO_PIC = NO;
				GCC_NO_COMMON_BLOCKS = YES;
				GCC_OPTIMIZATION_LEVEL = 0;
				GCC_PREPROCESSOR_DEFINITIONS = (
					"DEBUG=1",
					"$(inherited)",
				);
				GCC_WARN_64_TO_32_BIT_CONVERSION = YES;
				GCC_WARN_ABOUT_RETURN_TYPE = YES_ERROR;
				GCC_WARN_UNDECLARED_SELECTOR = YES;
				GCC_WARN_UNINITIALIZED_AUTOS = YES_AGGRESSIVE;
				GCC_WARN_UNUSED_FUNCTION = YES;
				GCC_WARN_UNUSED_VARIABLE = YES;
				IPHONEOS_DEPLOYMENT_TARGET = 11.0;
				MTL_ENABLE_DEBUG_INFO = YES;
				ONLY_ACTIVE_ARCH = YES;
				SDKROOT = iphoneos;
				SWIFT_ACTIVE_COMPILATION_CONDITIONS = DEBUG;
				SWIFT_OPTIMIZATION_LEVEL = "-Onone";
			};
			name = Debug;
		};
		751B76361FA0EB1F00CED083 /* Release */ = {
			isa = XCBuildConfiguration;
			buildSettings = {
				ALWAYS_SEARCH_USER_PATHS = NO;
				CLANG_ANALYZER_NONNULL = YES;
				CLANG_ANALYZER_NUMBER_OBJECT_CONVERSION = YES_AGGRESSIVE;
				CLANG_CXX_LANGUAGE_STANDARD = "gnu++14";
				CLANG_CXX_LIBRARY = "libc++";
				CLANG_ENABLE_MODULES = YES;
				CLANG_ENABLE_OBJC_ARC = YES;
				CLANG_WARN_BLOCK_CAPTURE_AUTORELEASING = YES;
				CLANG_WARN_BOOL_CONVERSION = YES;
				CLANG_WARN_COMMA = YES;
				CLANG_WARN_CONSTANT_CONVERSION = YES;
				CLANG_WARN_DIRECT_OBJC_ISA_USAGE = YES_ERROR;
				CLANG_WARN_DOCUMENTATION_COMMENTS = YES;
				CLANG_WARN_EMPTY_BODY = YES;
				CLANG_WARN_ENUM_CONVERSION = YES;
				CLANG_WARN_INFINITE_RECURSION = YES;
				CLANG_WARN_INT_CONVERSION = YES;
				CLANG_WARN_NON_LITERAL_NULL_CONVERSION = YES;
				CLANG_WARN_OBJC_LITERAL_CONVERSION = YES;
				CLANG_WARN_OBJC_ROOT_CLASS = YES_ERROR;
				CLANG_WARN_RANGE_LOOP_ANALYSIS = YES;
				CLANG_WARN_STRICT_PROTOTYPES = YES;
				CLANG_WARN_SUSPICIOUS_MOVE = YES;
				CLANG_WARN_UNGUARDED_AVAILABILITY = YES_AGGRESSIVE;
				CLANG_WARN_UNREACHABLE_CODE = YES;
				CLANG_WARN__DUPLICATE_METHOD_MATCH = YES;
				CODE_SIGN_IDENTITY = "iPhone Developer";
				COPY_PHASE_STRIP = NO;
				DEBUG_INFORMATION_FORMAT = "dwarf-with-dsym";
				ENABLE_NS_ASSERTIONS = NO;
				ENABLE_STRICT_OBJC_MSGSEND = YES;
				GCC_C_LANGUAGE_STANDARD = gnu11;
				GCC_NO_COMMON_BLOCKS = YES;
				GCC_WARN_64_TO_32_BIT_CONVERSION = YES;
				GCC_WARN_ABOUT_RETURN_TYPE = YES_ERROR;
				GCC_WARN_UNDECLARED_SELECTOR = YES;
				GCC_WARN_UNINITIALIZED_AUTOS = YES_AGGRESSIVE;
				GCC_WARN_UNUSED_FUNCTION = YES;
				GCC_WARN_UNUSED_VARIABLE = YES;
				IPHONEOS_DEPLOYMENT_TARGET = 11.0;
				MTL_ENABLE_DEBUG_INFO = NO;
				SDKROOT = iphoneos;
				SWIFT_OPTIMIZATION_LEVEL = "-Owholemodule";
				VALIDATE_PRODUCT = YES;
			};
			name = Release;
		};
		751B76381FA0EB1F00CED083 /* Debug */ = {
			isa = XCBuildConfiguration;
			buildSettings = {
				ASSETCATALOG_COMPILER_APPICON_NAME = AppIcon;
				CODE_SIGN_STYLE = Automatic;
				DEVELOPMENT_TEAM = J762AZ7K8V;
				INFOPLIST_FILE = "Nba Fantasy/Info.plist";
				IPHONEOS_DEPLOYMENT_TARGET = 11.0;
				LD_RUNPATH_SEARCH_PATHS = "$(inherited) @executable_path/Frameworks";
				PRODUCT_BUNDLE_IDENTIFIER = "IFCE.Nba-Fantasy";
				PRODUCT_NAME = "$(TARGET_NAME)";
				SWIFT_VERSION = 4.0;
				TARGETED_DEVICE_FAMILY = "1,2";
			};
			name = Debug;
		};
		751B76391FA0EB1F00CED083 /* Release */ = {
			isa = XCBuildConfiguration;
			buildSettings = {
				ASSETCATALOG_COMPILER_APPICON_NAME = AppIcon;
				CODE_SIGN_STYLE = Automatic;
				DEVELOPMENT_TEAM = J762AZ7K8V;
				INFOPLIST_FILE = "Nba Fantasy/Info.plist";
				IPHONEOS_DEPLOYMENT_TARGET = 11.0;
				LD_RUNPATH_SEARCH_PATHS = "$(inherited) @executable_path/Frameworks";
				PRODUCT_BUNDLE_IDENTIFIER = "IFCE.Nba-Fantasy";
				PRODUCT_NAME = "$(TARGET_NAME)";
				SWIFT_VERSION = 4.0;
				TARGETED_DEVICE_FAMILY = "1,2";
			};
			name = Release;
		};
/* End XCBuildConfiguration section */

/* Begin XCConfigurationList section */
		751B761D1FA0EB1F00CED083 /* Build configuration list for PBXProject "Nba Fantasy" */ = {
			isa = XCConfigurationList;
			buildConfigurations = (
				751B76351FA0EB1F00CED083 /* Debug */,
				751B76361FA0EB1F00CED083 /* Release */,
			);
			defaultConfigurationIsVisible = 0;
			defaultConfigurationName = Release;
		};
		751B76371FA0EB1F00CED083 /* Build configuration list for PBXNativeTarget "Nba Fantasy" */ = {
			isa = XCConfigurationList;
			buildConfigurations = (
				751B76381FA0EB1F00CED083 /* Debug */,
				751B76391FA0EB1F00CED083 /* Release */,
			);
			defaultConfigurationIsVisible = 0;
			defaultConfigurationName = Release;
		};
/* End XCConfigurationList section */

/* Begin XCVersionGroup section */
		751B762C1FA0EB1F00CED083 /* Nba_Fantasy.xcdatamodeld */ = {
			isa = XCVersionGroup;
			children = (
				751B762D1FA0EB1F00CED083 /* Nba_Fantasy.xcdatamodel */,
			);
			currentVersion = 751B762D1FA0EB1F00CED083 /* Nba_Fantasy.xcdatamodel */;
			path = Nba_Fantasy.xcdatamodeld;
			sourceTree = "<group>";
			versionGroupType = wrapper.xcdatamodel;
		};
/* End XCVersionGroup section */
	};
	rootObject = 751B761A1FA0EB1F00CED083 /* Project object */;
}
